PODS:
  - MDMMainThreadChecker (1.0.0)

DEPENDENCIES:
  - MDMMainThreadChecker (from `../`)

EXTERNAL SOURCES:
  MDMMainThreadChecker:
    :path: "../"

SPEC CHECKSUMS:
  MDMMainThreadChecker: 11c6f0821ae537d3fe758210806181a38d75d4c0

PODFILE CHECKSUM: 1a561a72ba6a545cbd11c820e1b32b9cee85405a

COCOAPODS: 1.9.3
