PODS:
  - MDMMainThreadChecker (1.0.0)

DEPENDENCIES:
  - MDMMainThreadChecker (from `../`)

EXTERNAL SOURCES:
  MDMMainThreadChecker:
    :path: "../"

SPEC CHECKSUMS:
  MDMMainThreadChecker: fdc0bb0b18de51cfaeed0264ee84cb9de079f862

PODFILE CHECKSUM: 1a561a72ba6a545cbd11c820e1b32b9cee85405a

COCOAPODS: 1.10.0.beta.1
